
Microsoft Visual Studio Solution File, Format Version 12.00
# Visual Studio Version 17
VisualStudioVersion = 17.3.32929.385
MinimumVisualStudioVersion = 10.0.40219.1
Project("{FAE04EC0-301F-11D3-BF4B-00C04F79EFBC}") = "Table2.4(4)", "Table2.4(4)\Table2.4(4).csproj", "{27AFA382-44D4-4033-8C8C-9D6B56C2B73B}"
EndProject
Global
	GlobalSection(SolutionConfigurationPlatforms) = preSolution
		Debug|Any CPU = Debug|Any CPU
		Release|Any CPU = Release|Any CPU
	EndGlobalSection
	GlobalSection(ProjectConfigurationPlatforms) = postSolution
		{27AFA382-44D4-4033-8C8C-9D6B56C2B73B}.Debug|Any CPU.ActiveCfg = Debug|Any CPU
		{27AFA382-44D4-4033-8C8C-9D6B56C2B73B}.Debug|Any CPU.Build.0 = Debug|Any CPU
		{27AFA382-44D4-4033-8C8C-9D6B56C2B73B}.Release|Any CPU.ActiveCfg = Release|Any CPU
		{27AFA382-44D4-4033-8C8C-9D6B56C2B73B}.Release|Any CPU.Build.0 = Release|Any CPU
	EndGlobalSection
	GlobalSection(SolutionProperties) = preSolution
		HideSolutionNode = FALSE
	EndGlobalSection
	GlobalSection(ExtensibilityGlobals) = postSolution
		SolutionGuid = {9483AA9A-4221-4528-9418-07915CD109A2}
	EndGlobalSection
EndGlobal
